{
  "schema_version": 1,
  "release": "0.2.3",
  "critic_baseline": "d79066618fb26f50c162d41199c8847ddf481372",
  "dependencies": {
    "aai-review-flow": "77e3a1c8cc16c5ec6cfc750d131c9063c1189e66",
    "team-aai-fbsource": "470b7869e1dd8e4fb4f008d27d346a9a921f73d4",
    "review-trials-and-spec": "470b7869e1dd8e4fb4f008d27d346a9a921f73d4",
    "aai-ios": "470b7869e1dd8e4fb4f008d27d346a9a921f73d4",
    "aai-long-horizon": "470b7869e1dd8e4fb4f008d27d346a9a921f73d4",
    "codimango-cli-revision": "0afa41b89c1e"
  },
  "external_contracts": {
    "codimango-live-form-fbsource": "f4f4bdbc2c3b790966a66566df2d8d7b50db4d99"
  },
  "schemas": {
    "run_manifest": 2,
    "review_format": 2,
    "evidence_ledger": 1,
    "findings": 1,
    "conditions": 1
  },
  "artifacts": {
    "references/output-template.md": "b8fb28e1c0afaaa78f9648131a44b65a7879e5ec96feb48ff98fc0e2aaa67d41",
    "schema/review-format.json": "7ec810eabb15ae38eea80c5857c09c33dcfa8373f98f609c2d418132865b4066"
  }
}
